
Microsoft Visual Studio Solution File, Format Version 12.00
Project("{FAE04EC0-301F-11D3-BF4B-00C04F79EFBC}") = "TestsGenerator", "TestsGenerator\TestsGenerator.csproj", "{85197602-8483-4E9C-9756-7EE632029930}"
EndProject
Project("{FAE04EC0-301F-11D3-BF4B-00C04F79EFBC}") = "TestGenerator.Application", "TestGenerator.Application\TestGenerator.Application.csproj", "{4518595C-5493-4229-80C5-85DC1A0239CF}"
EndProject
Project("{FAE04EC0-301F-11D3-BF4B-00C04F79EFBC}") = "TestGenerator.Tests", "TestGenerator.Tests\TestGenerator.Tests.csproj", "{116A416D-8C09-49E0-AB52-18B35B1BD6A6}"
EndProject
Global
	GlobalSection(SolutionConfigurationPlatforms) = preSolution
		Debug|Any CPU = Debug|Any CPU
		Release|Any CPU = Release|Any CPU
	EndGlobalSection
	GlobalSection(ProjectConfigurationPlatforms) = postSolution
		{85197602-8483-4E9C-9756-7EE632029930}.Debug|Any CPU.ActiveCfg = Debug|Any CPU
		{85197602-8483-4E9C-9756-7EE632029930}.Debug|Any CPU.Build.0 = Debug|Any CPU
		{85197602-8483-4E9C-9756-7EE632029930}.Release|Any CPU.ActiveCfg = Release|Any CPU
		{85197602-8483-4E9C-9756-7EE632029930}.Release|Any CPU.Build.0 = Release|Any CPU
		{4518595C-5493-4229-80C5-85DC1A0239CF}.Debug|Any CPU.ActiveCfg = Debug|Any CPU
		{4518595C-5493-4229-80C5-85DC1A0239CF}.Debug|Any CPU.Build.0 = Debug|Any CPU
		{4518595C-5493-4229-80C5-85DC1A0239CF}.Release|Any CPU.ActiveCfg = Release|Any CPU
		{4518595C-5493-4229-80C5-85DC1A0239CF}.Release|Any CPU.Build.0 = Release|Any CPU
		{116A416D-8C09-49E0-AB52-18B35B1BD6A6}.Debug|Any CPU.ActiveCfg = Debug|Any CPU
		{116A416D-8C09-49E0-AB52-18B35B1BD6A6}.Debug|Any CPU.Build.0 = Debug|Any CPU
		{116A416D-8C09-49E0-AB52-18B35B1BD6A6}.Release|Any CPU.ActiveCfg = Release|Any CPU
		{116A416D-8C09-49E0-AB52-18B35B1BD6A6}.Release|Any CPU.Build.0 = Release|Any CPU
	EndGlobalSection
EndGlobal
